
Microsoft Visual Studio Solution File, Format Version 12.00
# Visual Studio 15
VisualStudioVersion = 15.0.26730.10
MinimumVisualStudioVersion = 10.0.40219.1
Project("{FAE04EC0-301F-11D3-BF4B-00C04F79EFBC}") = "TechSelector", "TechSelector.csproj", "{AA7FD7CB-CA9E-4C2B-976A-AD7CB8F7738A}"
EndProject
Global
	GlobalSection(SolutionConfigurationPlatforms) = preSolution
		Debug|Any CPU = Debug|Any CPU
		Release|Any CPU = Release|Any CPU
	EndGlobalSection
	GlobalSection(ProjectConfigurationPlatforms) = postSolution
		{AA7FD7CB-CA9E-4C2B-976A-AD7CB8F7738A}.Debug|Any CPU.ActiveCfg = Debug|Any CPU
		{AA7FD7CB-CA9E-4C2B-976A-AD7CB8F7738A}.Debug|Any CPU.Build.0 = Debug|Any CPU
		{AA7FD7CB-CA9E-4C2B-976A-AD7CB8F7738A}.Release|Any CPU.ActiveCfg = Release|Any CPU
		{AA7FD7CB-CA9E-4C2B-976A-AD7CB8F7738A}.Release|Any CPU.Build.0 = Release|Any CPU
	EndGlobalSection
	GlobalSection(SolutionProperties) = preSolution
		HideSolutionNode = FALSE
	EndGlobalSection
	GlobalSection(ExtensibilityGlobals) = postSolution
		SolutionGuid = {2631EB82-BC7B-4670-AFF3-DA02F5FE7978}
	EndGlobalSection
EndGlobal
